
Microsoft Visual Studio Solution File, Format Version 12.00
# Visual Studio Version 17
VisualStudioVersion = 17.8.34511.84
MinimumVisualStudioVersion = 10.0.40219.1
Project("{FAE04EC0-301F-11D3-BF4B-00C04F79EFBC}") = "BookStore", "BookStore\BookStore.csproj", "{6CA40B26-9657-4812-9373-6C85B3A245A0}"
EndProject
Global
	GlobalSection(SolutionConfigurationPlatforms) = preSolution
		Debug|Any CPU = Debug|Any CPU
		Release|Any CPU = Release|Any CPU
	EndGlobalSection
	GlobalSection(ProjectConfigurationPlatforms) = postSolution
		{6CA40B26-9657-4812-9373-6C85B3A245A0}.Debug|Any CPU.ActiveCfg = Debug|Any CPU
		{6CA40B26-9657-4812-9373-6C85B3A245A0}.Debug|Any CPU.Build.0 = Debug|Any CPU
		{6CA40B26-9657-4812-9373-6C85B3A245A0}.Release|Any CPU.ActiveCfg = Release|Any CPU
		{6CA40B26-9657-4812-9373-6C85B3A245A0}.Release|Any CPU.Build.0 = Release|Any CPU
	EndGlobalSection
	GlobalSection(SolutionProperties) = preSolution
		HideSolutionNode = FALSE
	EndGlobalSection
	GlobalSection(ExtensibilityGlobals) = postSolution
		SolutionGuid = {42DFDBEE-A1D9-45EA-985C-1112351DA847}
	EndGlobalSection
EndGlobal
